
Microsoft Visual Studio Solution File, Format Version 12.00
Project("{FAE04EC0-301F-11D3-BF4B-00C04F79EFBC}") = "App1", "App1\App1\App1.csproj", "{BB472B8B-9C45-40D9-A897-E73F4BC22FD2}"
EndProject
Project("{FAE04EC0-301F-11D3-BF4B-00C04F79EFBC}") = "App1.Android", "App1\App1.Android\App1.Android.csproj", "{AEE40B9A-CAF6-4F65-BDD0-5220C40DEAFA}"
EndProject
Project("{FAE04EC0-301F-11D3-BF4B-00C04F79EFBC}") = "App1.iOS", "App1\App1.iOS\App1.iOS.csproj", "{4262DF39-49EA-499F-B9A3-DE0282556C51}"
EndProject
Global
	GlobalSection(SolutionConfigurationPlatforms) = preSolution
		Ad-Hoc|iPhone = Ad-Hoc|iPhone
		AppStore|iPhone = AppStore|iPhone
		Debug|Any CPU = Debug|Any CPU
		Debug|iPhone = Debug|iPhone
		Debug|iPhoneSimulator = Debug|iPhoneSimulator
		Release|Any CPU = Release|Any CPU
		Release|iPhone = Release|iPhone
		Release|iPhoneSimulator = Release|iPhoneSimulator
	EndGlobalSection
	GlobalSection(ProjectConfigurationPlatforms) = postSolution
		{BB472B8B-9C45-40D9-A897-E73F4BC22FD2}.Ad-Hoc|iPhone.ActiveCfg = Debug|Any CPU
		{BB472B8B-9C45-40D9-A897-E73F4BC22FD2}.Ad-Hoc|iPhone.Build.0 = Debug|Any CPU
		{BB472B8B-9C45-40D9-A897-E73F4BC22FD2}.AppStore|iPhone.ActiveCfg = Debug|Any CPU
		{BB472B8B-9C45-40D9-A897-E73F4BC22FD2}.AppStore|iPhone.Build.0 = Debug|Any CPU
		{BB472B8B-9C45-40D9-A897-E73F4BC22FD2}.Debug|Any CPU.ActiveCfg = Debug|Any CPU
		{BB472B8B-9C45-40D9-A897-E73F4BC22FD2}.Debug|Any CPU.Build.0 = Debug|Any CPU
		{BB472B8B-9C45-40D9-A897-E73F4BC22FD2}.Debug|iPhone.ActiveCfg = Debug|Any CPU
		{BB472B8B-9C45-40D9-A897-E73F4BC22FD2}.Debug|iPhone.Build.0 = Debug|Any CPU
		{BB472B8B-9C45-40D9-A897-E73F4BC22FD2}.Debug|iPhoneSimulator.ActiveCfg = Debug|Any CPU
		{BB472B8B-9C45-40D9-A897-E73F4BC22FD2}.Debug|iPhoneSimulator.Build.0 = Debug|Any CPU
		{BB472B8B-9C45-40D9-A897-E73F4BC22FD2}.Release|Any CPU.ActiveCfg = Release|Any CPU
		{BB472B8B-9C45-40D9-A897-E73F4BC22FD2}.Release|Any CPU.Build.0 = Release|Any CPU
		{BB472B8B-9C45-40D9-A897-E73F4BC22FD2}.Release|iPhone.ActiveCfg = Release|Any CPU
		{BB472B8B-9C45-40D9-A897-E73F4BC22FD2}.Release|iPhone.Build.0 = Release|Any CPU
		{BB472B8B-9C45-40D9-A897-E73F4BC22FD2}.Release|iPhoneSimulator.ActiveCfg = Release|Any CPU
		{BB472B8B-9C45-40D9-A897-E73F4BC22FD2}.Release|iPhoneSimulator.Build.0 = Release|Any CPU
		{AEE40B9A-CAF6-4F65-BDD0-5220C40DEAFA}.Ad-Hoc|iPhone.ActiveCfg = Debug|Any CPU
		{AEE40B9A-CAF6-4F65-BDD0-5220C40DEAFA}.Ad-Hoc|iPhone.Build.0 = Debug|Any CPU
		{AEE40B9A-CAF6-4F65-BDD0-5220C40DEAFA}.Ad-Hoc|iPhone.Deploy.0 = Debug|Any CPU
		{AEE40B9A-CAF6-4F65-BDD0-5220C40DEAFA}.AppStore|iPhone.ActiveCfg = Debug|Any CPU
		{AEE40B9A-CAF6-4F65-BDD0-5220C40DEAFA}.AppStore|iPhone.Build.0 = Debug|Any CPU
		{AEE40B9A-CAF6-4F65-BDD0-5220C40DEAFA}.AppStore|iPhone.Deploy.0 = Debug|Any CPU
		{AEE40B9A-CAF6-4F65-BDD0-5220C40DEAFA}.Debug|Any CPU.ActiveCfg = Debug|Any CPU
		{AEE40B9A-CAF6-4F65-BDD0-5220C40DEAFA}.Debug|Any CPU.Build.0 = Debug|Any CPU
		{AEE40B9A-CAF6-4F65-BDD0-5220C40DEAFA}.Debug|Any CPU.Deploy.0 = Debug|Any CPU
		{AEE40B9A-CAF6-4F65-BDD0-5220C40DEAFA}.Debug|iPhone.ActiveCfg = Debug|Any CPU
		{AEE40B9A-CAF6-4F65-BDD0-5220C40DEAFA}.Debug|iPhone.Build.0 = Debug|Any CPU
		{AEE40B9A-CAF6-4F65-BDD0-5220C40DEAFA}.Debug|iPhone.Deploy.0 = Debug|Any CPU
		{AEE40B9A-CAF6-4F65-BDD0-5220C40DEAFA}.Debug|iPhoneSimulator.ActiveCfg = Debug|Any CPU
		{AEE40B9A-CAF6-4F65-BDD0-5220C40DEAFA}.Debug|iPhoneSimulator.Build.0 = Debug|Any CPU
		{AEE40B9A-CAF6-4F65-BDD0-5220C40DEAFA}.Debug|iPhoneSimulator.Deploy.0 = Debug|Any CPU
		{AEE40B9A-CAF6-4F65-BDD0-5220C40DEAFA}.Release|Any CPU.ActiveCfg = Release|Any CPU
		{AEE40B9A-CAF6-4F65-BDD0-5220C40DEAFA}.Release|Any CPU.Build.0 = Release|Any CPU
		{AEE40B9A-CAF6-4F65-BDD0-5220C40DEAFA}.Release|Any CPU.Deploy.0 = Release|Any CPU
		{AEE40B9A-CAF6-4F65-BDD0-5220C40DEAFA}.Release|iPhone.ActiveCfg = Release|Any CPU
		{AEE40B9A-CAF6-4F65-BDD0-5220C40DEAFA}.Release|iPhone.Build.0 = Release|Any CPU
		{AEE40B9A-CAF6-4F65-BDD0-5220C40DEAFA}.Release|iPhone.Deploy.0 = Release|Any CPU
		{AEE40B9A-CAF6-4F65-BDD0-5220C40DEAFA}.Release|iPhoneSimulator.ActiveCfg = Release|Any CPU
		{AEE40B9A-CAF6-4F65-BDD0-5220C40DEAFA}.Release|iPhoneSimulator.Build.0 = Release|Any CPU
		{AEE40B9A-CAF6-4F65-BDD0-5220C40DEAFA}.Release|iPhoneSimulator.Deploy.0 = Release|Any CPU
		{4262DF39-49EA-499F-B9A3-DE0282556C51}.Ad-Hoc|iPhone.ActiveCfg = Ad-Hoc|iPhone
		{4262DF39-49EA-499F-B9A3-DE0282556C51}.Ad-Hoc|iPhone.Build.0 = Ad-Hoc|iPhone
		{4262DF39-49EA-499F-B9A3-DE0282556C51}.Ad-Hoc|iPhone.Deploy.0 = Ad-Hoc|iPhone
		{4262DF39-49EA-499F-B9A3-DE0282556C51}.AppStore|iPhone.ActiveCfg = AppStore|iPhone
		{4262DF39-49EA-499F-B9A3-DE0282556C51}.AppStore|iPhone.Build.0 = AppStore|iPhone
		{4262DF39-49EA-499F-B9A3-DE0282556C51}.AppStore|iPhone.Deploy.0 = AppStore|iPhone
		{4262DF39-49EA-499F-B9A3-DE0282556C51}.Debug|Any CPU.ActiveCfg = Debug|iPhoneSimulator
		{4262DF39-49EA-499F-B9A3-DE0282556C51}.Debug|Any CPU.Build.0 = Debug|iPhoneSimulator
		{4262DF39-49EA-499F-B9A3-DE0282556C51}.Debug|Any CPU.Deploy.0 = Debug|iPhoneSimulator
		{4262DF39-49EA-499F-B9A3-DE0282556C51}.Debug|iPhone.ActiveCfg = Debug|iPhone
		{4262DF39-49EA-499F-B9A3-DE0282556C51}.Debug|iPhone.Build.0 = Debug|iPhone
		{4262DF39-49EA-499F-B9A3-DE0282556C51}.Debug|iPhone.Deploy.0 = Debug|iPhone
		{4262DF39-49EA-499F-B9A3-DE0282556C51}.Debug|iPhoneSimulator.ActiveCfg = Debug|iPhoneSimulator
		{4262DF39-49EA-499F-B9A3-DE0282556C51}.Debug|iPhoneSimulator.Build.0 = Debug|iPhoneSimulator
		{4262DF39-49EA-499F-B9A3-DE0282556C51}.Debug|iPhoneSimulator.Deploy.0 = Debug|iPhoneSimulator
		{4262DF39-49EA-499F-B9A3-DE0282556C51}.Release|Any CPU.ActiveCfg = Release|iPhoneSimulator
		{4262DF39-49EA-499F-B9A3-DE0282556C51}.Release|Any CPU.Build.0 = Release|iPhoneSimulator
		{4262DF39-49EA-499F-B9A3-DE0282556C51}.Release|Any CPU.Deploy.0 = Release|iPhoneSimulator
		{4262DF39-49EA-499F-B9A3-DE0282556C51}.Release|iPhone.ActiveCfg = Release|iPhone
		{4262DF39-49EA-499F-B9A3-DE0282556C51}.Release|iPhone.Build.0 = Release|iPhone
		{4262DF39-49EA-499F-B9A3-DE0282556C51}.Release|iPhone.Deploy.0 = Release|iPhone
		{4262DF39-49EA-499F-B9A3-DE0282556C51}.Release|iPhoneSimulator.ActiveCfg = Release|iPhoneSimulator
		{4262DF39-49EA-499F-B9A3-DE0282556C51}.Release|iPhoneSimulator.Build.0 = Release|iPhoneSimulator
		{4262DF39-49EA-499F-B9A3-DE0282556C51}.Release|iPhoneSimulator.Deploy.0 = Release|iPhoneSimulator
	EndGlobalSection
EndGlobal
